
Microsoft Visual Studio Solution File, Format Version 12.00
# Visual Studio 2012
Project("{8BC9CEB8-8B4A-11D0-8D11-00A0C91BC942}") = "libtundra", "libtundra\libtundra.vcxproj", "{D161AE1B-A964-4105-90AE-A97363825530}"
EndProject
Project("{8BC9CEB8-8B4A-11D0-8D11-00A0C91BC942}") = "lua", "lua\lua.vcxproj", "{E62ADB67-B49A-4DC0-9E17-DAF445ACE260}"
EndProject
Project("{8BC9CEB8-8B4A-11D0-8D11-00A0C91BC942}") = "t2-inspect", "t2-inspect\t2-inspect.vcxproj", "{F863F154-2E80-4B78-8CC8-E7CBE89EA392}"
EndProject
Project("{8BC9CEB8-8B4A-11D0-8D11-00A0C91BC942}") = "tundra2", "tundra2\tundra2.vcxproj", "{C6D59FC4-A965-43AF-A7A5-E78FC4A25563}"
EndProject
Project("{8BC9CEB8-8B4A-11D0-8D11-00A0C91BC942}") = "t2-unittest", "t2-unittest\t2-unittest.vcxproj", "{833695AD-C1E4-4A3B-B924-9C049C0EE1A4}"
EndProject
Project("{8BC9CEB8-8B4A-11D0-8D11-00A0C91BC942}") = "t2-lua", "t2-lua\t2-lua.vcxproj", "{026A21C3-022C-42C2-B30B-E2B5DA97BD46}"
EndProject
Global
	GlobalSection(SolutionConfigurationPlatforms) = preSolution
		Debug|x64 = Debug|x64
		Release|x64 = Release|x64
	EndGlobalSection
	GlobalSection(ProjectConfigurationPlatforms) = postSolution
		{D161AE1B-A964-4105-90AE-A97363825530}.Debug|x64.ActiveCfg = Debug|x64
		{D161AE1B-A964-4105-90AE-A97363825530}.Debug|x64.Build.0 = Debug|x64
		{D161AE1B-A964-4105-90AE-A97363825530}.Release|x64.ActiveCfg = Release|x64
		{D161AE1B-A964-4105-90AE-A97363825530}.Release|x64.Build.0 = Release|x64
		{E62ADB67-B49A-4DC0-9E17-DAF445ACE260}.Debug|x64.ActiveCfg = Debug|x64
		{E62ADB67-B49A-4DC0-9E17-DAF445ACE260}.Debug|x64.Build.0 = Debug|x64
		{E62ADB67-B49A-4DC0-9E17-DAF445ACE260}.Release|x64.ActiveCfg = Release|x64
		{E62ADB67-B49A-4DC0-9E17-DAF445ACE260}.Release|x64.Build.0 = Release|x64
		{F863F154-2E80-4B78-8CC8-E7CBE89EA392}.Debug|x64.ActiveCfg = Debug|x64
		{F863F154-2E80-4B78-8CC8-E7CBE89EA392}.Debug|x64.Build.0 = Debug|x64
		{F863F154-2E80-4B78-8CC8-E7CBE89EA392}.Release|x64.ActiveCfg = Release|x64
		{F863F154-2E80-4B78-8CC8-E7CBE89EA392}.Release|x64.Build.0 = Release|x64
		{C6D59FC4-A965-43AF-A7A5-E78FC4A25563}.Debug|x64.ActiveCfg = Debug|x64
		{C6D59FC4-A965-43AF-A7A5-E78FC4A25563}.Debug|x64.Build.0 = Debug|x64
		{C6D59FC4-A965-43AF-A7A5-E78FC4A25563}.Release|x64.ActiveCfg = Release|x64
		{C6D59FC4-A965-43AF-A7A5-E78FC4A25563}.Release|x64.Build.0 = Release|x64
		{833695AD-C1E4-4A3B-B924-9C049C0EE1A4}.Debug|x64.ActiveCfg = Debug|x64
		{833695AD-C1E4-4A3B-B924-9C049C0EE1A4}.Debug|x64.Build.0 = Debug|x64
		{833695AD-C1E4-4A3B-B924-9C049C0EE1A4}.Release|x64.ActiveCfg = Release|x64
		{833695AD-C1E4-4A3B-B924-9C049C0EE1A4}.Release|x64.Build.0 = Release|x64
		{026A21C3-022C-42C2-B30B-E2B5DA97BD46}.Debug|x64.ActiveCfg = Debug|x64
		{026A21C3-022C-42C2-B30B-E2B5DA97BD46}.Debug|x64.Build.0 = Debug|x64
		{026A21C3-022C-42C2-B30B-E2B5DA97BD46}.Release|x64.ActiveCfg = Release|x64
		{026A21C3-022C-42C2-B30B-E2B5DA97BD46}.Release|x64.Build.0 = Release|x64
	EndGlobalSection
	GlobalSection(SolutionProperties) = preSolution
		HideSolutionNode = FALSE
	EndGlobalSection
EndGlobal
